
Microsoft Visual Studio Solution File, Format Version 12.00
# Visual Studio Version 16
VisualStudioVersion = 16.0.31424.327
MinimumVisualStudioVersion = 10.0.40219.1
Project("{FAE04EC0-301F-11D3-BF4B-00C04F79EFBC}") = "DiyBox.Core", "DiyBox.Core\DiyBox.Core.csproj", "{CC851DE5-B157-440C-AC45-0BF7B4B59026}"
EndProject
Project("{FAE04EC0-301F-11D3-BF4B-00C04F79EFBC}") = "DiyBox.Tests", "DiyBox.Tests\DiyBox.Tests.csproj", "{2D901125-0BF3-44FF-8AC0-050B76B3C657}"
EndProject
Project("{FAE04EC0-301F-11D3-BF4B-00C04F79EFBC}") = "DiyBox.CommandDotNet", "DiyBox.CommandDotNet\DiyBox.CommandDotNet.csproj", "{60865279-6E4D-4EE2-AE08-07385C1E767D}"
EndProject
Project("{FAE04EC0-301F-11D3-BF4B-00C04F79EFBC}") = "DiyBox.Integration.Tests", "DiyBox.Integration.Tests\DiyBox.Integration.Tests.csproj", "{F9EF8A55-D786-4134-92AC-82AB45ECD738}"
EndProject
Global
	GlobalSection(SolutionConfigurationPlatforms) = preSolution
		Debug|Any CPU = Debug|Any CPU
		Release|Any CPU = Release|Any CPU
	EndGlobalSection
	GlobalSection(ProjectConfigurationPlatforms) = postSolution
		{CC851DE5-B157-440C-AC45-0BF7B4B59026}.Debug|Any CPU.ActiveCfg = Debug|Any CPU
		{CC851DE5-B157-440C-AC45-0BF7B4B59026}.Debug|Any CPU.Build.0 = Debug|Any CPU
		{CC851DE5-B157-440C-AC45-0BF7B4B59026}.Release|Any CPU.ActiveCfg = Release|Any CPU
		{CC851DE5-B157-440C-AC45-0BF7B4B59026}.Release|Any CPU.Build.0 = Release|Any CPU
		{2D901125-0BF3-44FF-8AC0-050B76B3C657}.Debug|Any CPU.ActiveCfg = Debug|Any CPU
		{2D901125-0BF3-44FF-8AC0-050B76B3C657}.Debug|Any CPU.Build.0 = Debug|Any CPU
		{2D901125-0BF3-44FF-8AC0-050B76B3C657}.Release|Any CPU.ActiveCfg = Release|Any CPU
		{2D901125-0BF3-44FF-8AC0-050B76B3C657}.Release|Any CPU.Build.0 = Release|Any CPU
		{60865279-6E4D-4EE2-AE08-07385C1E767D}.Debug|Any CPU.ActiveCfg = Debug|Any CPU
		{60865279-6E4D-4EE2-AE08-07385C1E767D}.Debug|Any CPU.Build.0 = Debug|Any CPU
		{60865279-6E4D-4EE2-AE08-07385C1E767D}.Release|Any CPU.ActiveCfg = Release|Any CPU
		{60865279-6E4D-4EE2-AE08-07385C1E767D}.Release|Any CPU.Build.0 = Release|Any CPU
		{F9EF8A55-D786-4134-92AC-82AB45ECD738}.Debug|Any CPU.ActiveCfg = Debug|Any CPU
		{F9EF8A55-D786-4134-92AC-82AB45ECD738}.Debug|Any CPU.Build.0 = Debug|Any CPU
		{F9EF8A55-D786-4134-92AC-82AB45ECD738}.Release|Any CPU.ActiveCfg = Release|Any CPU
		{F9EF8A55-D786-4134-92AC-82AB45ECD738}.Release|Any CPU.Build.0 = Release|Any CPU
	EndGlobalSection
	GlobalSection(SolutionProperties) = preSolution
		HideSolutionNode = FALSE
	EndGlobalSection
	GlobalSection(ExtensibilityGlobals) = postSolution
		SolutionGuid = {7D39877E-06BD-42D0-889A-2601A2AD34E2}
	EndGlobalSection
EndGlobal
