
Microsoft Visual Studio Solution File, Format Version 12.00
# Visual Studio Version 16
VisualStudioVersion = 16.0.31424.327
MinimumVisualStudioVersion = 10.0.40219.1
Project("{9A19103F-16F7-4668-BE54-9A1E7A4F7556}") = "ConsoleApp", "ConsoleApp\ConsoleApp.csproj", "{3D831911-241E-49D1-BDE1-3BD149E15FE5}"
EndProject
Project("{FAE04EC0-301F-11D3-BF4B-00C04F79EFBC}") = "Core", "Core\Core.csproj", "{CC851DE5-B157-440C-AC45-0BF7B4B59026}"
EndProject
Project("{FAE04EC0-301F-11D3-BF4B-00C04F79EFBC}") = "Tests", "Tests\Tests.csproj", "{2D901125-0BF3-44FF-8AC0-050B76B3C657}"
EndProject
Global
	GlobalSection(SolutionConfigurationPlatforms) = preSolution
		Debug|Any CPU = Debug|Any CPU
		Release|Any CPU = Release|Any CPU
	EndGlobalSection
	GlobalSection(ProjectConfigurationPlatforms) = postSolution
		{3D831911-241E-49D1-BDE1-3BD149E15FE5}.Debug|Any CPU.ActiveCfg = Debug|Any CPU
		{3D831911-241E-49D1-BDE1-3BD149E15FE5}.Debug|Any CPU.Build.0 = Debug|Any CPU
		{3D831911-241E-49D1-BDE1-3BD149E15FE5}.Release|Any CPU.ActiveCfg = Release|Any CPU
		{3D831911-241E-49D1-BDE1-3BD149E15FE5}.Release|Any CPU.Build.0 = Release|Any CPU
		{CC851DE5-B157-440C-AC45-0BF7B4B59026}.Debug|Any CPU.ActiveCfg = Debug|Any CPU
		{CC851DE5-B157-440C-AC45-0BF7B4B59026}.Debug|Any CPU.Build.0 = Debug|Any CPU
		{CC851DE5-B157-440C-AC45-0BF7B4B59026}.Release|Any CPU.ActiveCfg = Release|Any CPU
		{CC851DE5-B157-440C-AC45-0BF7B4B59026}.Release|Any CPU.Build.0 = Release|Any CPU
		{2D901125-0BF3-44FF-8AC0-050B76B3C657}.Debug|Any CPU.ActiveCfg = Debug|Any CPU
		{2D901125-0BF3-44FF-8AC0-050B76B3C657}.Debug|Any CPU.Build.0 = Debug|Any CPU
		{2D901125-0BF3-44FF-8AC0-050B76B3C657}.Release|Any CPU.ActiveCfg = Release|Any CPU
		{2D901125-0BF3-44FF-8AC0-050B76B3C657}.Release|Any CPU.Build.0 = Release|Any CPU
	EndGlobalSection
	GlobalSection(SolutionProperties) = preSolution
		HideSolutionNode = FALSE
	EndGlobalSection
	GlobalSection(ExtensibilityGlobals) = postSolution
		SolutionGuid = {7D39877E-06BD-42D0-889A-2601A2AD34E2}
	EndGlobalSection
EndGlobal
